
Microsoft Visual Studio Solution File, Format Version 12.00
# Visual Studio Version 17
VisualStudioVersion = 17.0.32112.339
MinimumVisualStudioVersion = 10.0.40219.1
Project("{9A19103F-16F7-4668-BE54-9A1E7A4F7556}") = "WiredBrainCoffee.CustomersApp", "WiredBrainCoffee.CustomersApp\WiredBrainCoffee.CustomersApp.csproj", "{B787DFC0-F3B8-4B83-AAE8-3FD7C5CBC327}"
EndProject
Global
	GlobalSection(SolutionConfigurationPlatforms) = preSolution
		Debug|Any CPU = Debug|Any CPU
		Release|Any CPU = Release|Any CPU
	EndGlobalSection
	GlobalSection(ProjectConfigurationPlatforms) = postSolution
		{B787DFC0-F3B8-4B83-AAE8-3FD7C5CBC327}.Debug|Any CPU.ActiveCfg = Debug|Any CPU
		{B787DFC0-F3B8-4B83-AAE8-3FD7C5CBC327}.Debug|Any CPU.Build.0 = Debug|Any CPU
		{B787DFC0-F3B8-4B83-AAE8-3FD7C5CBC327}.Release|Any CPU.ActiveCfg = Release|Any CPU
		{B787DFC0-F3B8-4B83-AAE8-3FD7C5CBC327}.Release|Any CPU.Build.0 = Release|Any CPU
	EndGlobalSection
	GlobalSection(SolutionProperties) = preSolution
		HideSolutionNode = FALSE
	EndGlobalSection
	GlobalSection(ExtensibilityGlobals) = postSolution
		SolutionGuid = {DB201693-20DE-45AC-A45D-59711FE4A59D}
	EndGlobalSection
EndGlobal
